{
  "name": "a-responsive-containers",
  "version": "1.1.1",
  "lockfileVersion": 1,
  "requires": true,
  "dependencies": {
    "a-webpack-configs": {
      "version": "2.0.20",
      "resolved": "https://registry.npmjs.org/a-webpack-configs/-/a-webpack-configs-2.0.20.tgz",
      "integrity": "sha512-dzIQbZF2he6lFrHUjMTiU8s+FMynnt5uW1xell3p0aFOPoR6lYbC/y80FQEd4/r3ZkS5D8OuhFZRG1dZwRXn0w==",
      "dev": true
    }
  }
}
