{
  "name": "a-responsive-containers",
  "version": "3.2.3",
  "lockfileVersion": 1,
  "requires": true,
  "dependencies": {
    "a-webpack-configs": {
      "version": "2.1.3",
      "resolved": "https://registry.npmjs.org/a-webpack-configs/-/a-webpack-configs-2.1.3.tgz",
      "integrity": "sha512-mwGgxKVqNBokOUnB9ImBmSMulrA8tla09tOQUA1mDQCyjiQfbbMcKdyhhl7Q1uV01Qv4u0TlhCVVQ6KD7fi7hw==",
      "dev": true
    }
  }
}
