{
  "name": "a-responsive-containers",
  "version": "3.0.0",
  "lockfileVersion": 1,
  "requires": true,
  "dependencies": {
    "a-webpack-configs": {
      "version": "2.1.2",
      "resolved": "https://registry.npmjs.org/a-webpack-configs/-/a-webpack-configs-2.1.2.tgz",
      "integrity": "sha512-fscJEhQC9azckiRaoscivAboyu/lUfIhZ0fRhw682U4EslxCyG8Lai5PJ4al3cmtdnJVT9PJVXxQzRegFHbUYg==",
      "dev": true
    }
  }
}
